# @generated by Move, please check-in and do not edit manually.

[move]
version = 3
manifest_digest = "1C2B45A5D9645658CA7E4D029092C00167305C951C74A1882526CCCAFB24FC8B"
deps_digest = "F8BBB0CCB2491CA29A3DF03D6F92277A4F3574266507ACD77214D37ECA3F3082"
dependencies = [
  { id = "Sui", name = "Sui" },
]

[[move.package]]
id = "MoveStdlib"
source = { git = "https://github.com/MystenLabs/sui.git", rev = "4e8b6eda7d6411d80c62f39ac8a4f028e8d174c4", subdir = "crates/sui-framework/packages/move-stdlib" }

[[move.package]]
id = "Sui"
source = { git = "https://github.com/MystenLabs/sui.git", rev = "4e8b6eda7d6411d80c62f39ac8a4f028e8d174c4", subdir = "crates/sui-framework/packages/sui-framework" }

dependencies = [
  { id = "MoveStdlib", name = "MoveStdlib" },
]

[move.toolchain-version]
compiler-version = "1.58.2"
edition = "2024.beta"
flavor = "sui"

[env]

[env.testnet]
chain-id = "4c78adac"
original-published-id = "0x559ee79d0e174b337c904bea96bdd8c19e5074df8341c0756b214c77e243925d"
latest-published-id = "0x559ee79d0e174b337c904bea96bdd8c19e5074df8341c0756b214c77e243925d"
published-version = "1"
